
Microsoft Visual Studio Solution File, Format Version 12.00
# Visual Studio Version 17
VisualStudioVersion = 17.13.35806.99
MinimumVisualStudioVersion = 10.0.40219.1
Project("{FAE04EC0-301F-11D3-BF4B-00C04F79EFBC}") = "Scribe", "Scribe.csproj", "{C033B9A2-A680-47E8-A0F2-C56629964F10}"
EndProject
Global
	GlobalSection(SolutionConfigurationPlatforms) = preSolution
		Debug|Any CPU = Debug|Any CPU
		Release|Any CPU = Release|Any CPU
	EndGlobalSection
	GlobalSection(ProjectConfigurationPlatforms) = postSolution
		{C033B9A2-A680-47E8-A0F2-C56629964F10}.Debug|Any CPU.ActiveCfg = Release|Any CPU
		{C033B9A2-A680-47E8-A0F2-C56629964F10}.Debug|Any CPU.Build.0 = Release|Any CPU
		{C033B9A2-A680-47E8-A0F2-C56629964F10}.Release|Any CPU.ActiveCfg = Release|Any CPU
		{C033B9A2-A680-47E8-A0F2-C56629964F10}.Release|Any CPU.Build.0 = Release|Any CPU
	EndGlobalSection
	GlobalSection(SolutionProperties) = preSolution
		HideSolutionNode = FALSE
	EndGlobalSection
	GlobalSection(ExtensibilityGlobals) = postSolution
		SolutionGuid = {9A89CBD2-DB04-4CAE-BBA1-3BB9F206A63E}
	EndGlobalSection
EndGlobal
